
Microsoft Visual Studio Solution File, Format Version 12.00
# Visual Studio Version 17
VisualStudioVersion = 17.11.35327.3
MinimumVisualStudioVersion = 10.0.40219.1
Project("{FAE04EC0-301F-11D3-BF4B-00C04F79EFBC}") = "CoffeeManagement.Flow4.Repositories", "CoffeeManagement.Flow4.Repositories\CoffeeManagement.Flow4.Repositories.csproj", "{5CE9EA7A-9FB0-4C3B-8CB5-5A7B41646035}"
EndProject
Project("{FAE04EC0-301F-11D3-BF4B-00C04F79EFBC}") = "CoffeeManagement.Flow4.Services", "CoffeeManagement.Flow4.Services\CoffeeManagement.Flow4.Services.csproj", "{09BAEC68-4250-4310-81EC-011B93C81199}"
EndProject
Project("{FAE04EC0-301F-11D3-BF4B-00C04F79EFBC}") = "CoffeeManagement.Flow4.APIService", "CoffeeManagement.Flow4.APIService\CoffeeManagement.Flow4.APIService.csproj", "{E9EE61E5-4016-4879-A47D-52F1D1FC1055}"
EndProject
Project("{FAE04EC0-301F-11D3-BF4B-00C04F79EFBC}") = "CoffeeManagement.Flow4.DTOs", "CoffeeManagement.Flow4.DTOs\CoffeeManagement.Flow4.DTOs.csproj", "{C3F4185F-A14A-47E4-A43F-EE4CCA2B6F28}"
EndProject
Global
	GlobalSection(SolutionConfigurationPlatforms) = preSolution
		Debug|Any CPU = Debug|Any CPU
		Release|Any CPU = Release|Any CPU
	EndGlobalSection
	GlobalSection(ProjectConfigurationPlatforms) = postSolution
		{5CE9EA7A-9FB0-4C3B-8CB5-5A7B41646035}.Debug|Any CPU.ActiveCfg = Debug|Any CPU
		{5CE9EA7A-9FB0-4C3B-8CB5-5A7B41646035}.Debug|Any CPU.Build.0 = Debug|Any CPU
		{5CE9EA7A-9FB0-4C3B-8CB5-5A7B41646035}.Release|Any CPU.ActiveCfg = Release|Any CPU
		{5CE9EA7A-9FB0-4C3B-8CB5-5A7B41646035}.Release|Any CPU.Build.0 = Release|Any CPU
		{09BAEC68-4250-4310-81EC-011B93C81199}.Debug|Any CPU.ActiveCfg = Debug|Any CPU
		{09BAEC68-4250-4310-81EC-011B93C81199}.Debug|Any CPU.Build.0 = Debug|Any CPU
		{09BAEC68-4250-4310-81EC-011B93C81199}.Release|Any CPU.ActiveCfg = Release|Any CPU
		{09BAEC68-4250-4310-81EC-011B93C81199}.Release|Any CPU.Build.0 = Release|Any CPU
		{E9EE61E5-4016-4879-A47D-52F1D1FC1055}.Debug|Any CPU.ActiveCfg = Debug|Any CPU
		{E9EE61E5-4016-4879-A47D-52F1D1FC1055}.Debug|Any CPU.Build.0 = Debug|Any CPU
		{E9EE61E5-4016-4879-A47D-52F1D1FC1055}.Release|Any CPU.ActiveCfg = Release|Any CPU
		{E9EE61E5-4016-4879-A47D-52F1D1FC1055}.Release|Any CPU.Build.0 = Release|Any CPU
		{C3F4185F-A14A-47E4-A43F-EE4CCA2B6F28}.Debug|Any CPU.ActiveCfg = Debug|Any CPU
		{C3F4185F-A14A-47E4-A43F-EE4CCA2B6F28}.Debug|Any CPU.Build.0 = Debug|Any CPU
		{C3F4185F-A14A-47E4-A43F-EE4CCA2B6F28}.Release|Any CPU.ActiveCfg = Release|Any CPU
		{C3F4185F-A14A-47E4-A43F-EE4CCA2B6F28}.Release|Any CPU.Build.0 = Release|Any CPU
	EndGlobalSection
	GlobalSection(SolutionProperties) = preSolution
		HideSolutionNode = FALSE
	EndGlobalSection
	GlobalSection(ExtensibilityGlobals) = postSolution
		SolutionGuid = {E90F1940-4EE4-49A9-8701-1742D77F8C66}
	EndGlobalSection
EndGlobal
